// !$*UTF8*$!
{
	archiveVersion = 1;
	classes = {
	};
	objectVersion = 50;
	objects = {

/* Begin PBXBuildFile section */
		097D531A26B2926E00CDFB3B /* Bookworm_2App.swift in Sources */ = {isa = PBXBuildFile; fileRef = 097D531926B2926E00CDFB3B /* Bookworm_2App.swift */; };
		097D531C26B2926E00CDFB3B /* ContentView.swift in Sources */ = {isa = PBXBuildFile; fileRef = 097D531B26B2926E00CDFB3B /* ContentView.swift */; };
		097D531E26B2927300CDFB3B /* Assets.xcassets in Resources */ = {isa = PBXBuildFile; fileRef = 097D531D26B2927300CDFB3B /* Assets.xcassets */; };
		097D532126B2927300CDFB3B /* Preview Assets.xcassets in Resources */ = {isa = PBXBuildFile; fileRef = 097D532026B2927300CDFB3B /* Preview Assets.xcassets */; };
		097D532326B2927300CDFB3B /* Persistence.swift in Sources */ = {isa = PBXBuildFile; fileRef = 097D532226B2927300CDFB3B /* Persistence.swift */; };
		097D532626B2927300CDFB3B /* Bookworm_2.xcdatamodeld in Sources */ = {isa = PBXBuildFile; fileRef = 097D532426B2927300CDFB3B /* Bookworm_2.xcdatamodeld */; };
		097D532F26B2A0AE00CDFB3B /* AddBookView.swift in Sources */ = {isa = PBXBuildFile; fileRef = 097D532E26B2A0AE00CDFB3B /* AddBookView.swift */; };
/* End PBXBuildFile section */

/* Begin PBXFileReference section */
		097D531626B2926E00CDFB3B /* Bookworm 2.app */ = {isa = PBXFileReference; explicitFileType = wrapper.application; includeInIndex = 0; path = "Bookworm 2.app"; sourceTree = BUILT_PRODUCTS_DIR; };
		097D531926B2926E00CDFB3B /* Bookworm_2App.swift */ = {isa = PBXFileReference; lastKnownFileType = sourcecode.swift; path = Bookworm_2App.swift; sourceTree = "<group>"; };
		097D531B26B2926E00CDFB3B /* ContentView.swift */ = {isa = PBXFileReference; lastKnownFileType = sourcecode.swift; path = ContentView.swift; sourceTree = "<group>"; };
		097D531D26B2927300CDFB3B /* Assets.xcassets */ = {isa = PBXFileReference; lastKnownFileType = folder.assetcatalog; path = Assets.xcassets; sourceTree = "<group>"; };
		097D532026B2927300CDFB3B /* Preview Assets.xcassets */ = {isa = PBXFileReference; lastKnownFileType = folder.assetcatalog; path = "Preview Assets.xcassets"; sourceTree = "<group>"; };
		097D532226B2927300CDFB3B /* Persistence.swift */ = {isa = PBXFileReference; lastKnownFileType = sourcecode.swift; path = Persistence.swift; sourceTree = "<group>"; };
		097D532526B2927300CDFB3B /* Bookworm_2.xcdatamodel */ = {isa = PBXFileReference; lastKnownFileType = wrapper.xcdatamodel; path = Bookworm_2.xcdatamodel; sourceTree = "<group>"; };
		097D532726B2927300CDFB3B /* Info.plist */ = {isa = PBXFileReference; lastKnownFileType = text.plist.xml; path = Info.plist; sourceTree = "<group>"; };
		097D532E26B2A0AE00CDFB3B /* AddBookView.swift */ = {isa = PBXFileReference; lastKnownFileType = sourcecode.swift; path = AddBookView.swift; sourceTree = "<group>"; };
/* End PBXFileReference section */

/* Begin PBXFrameworksBuildPhase section */
		097D531326B2926E00CDFB3B /* Frameworks */ = {
			isa = PBXFrameworksBuildPhase;
			buildActionMask = 2147483647;
			files = (
			);
			runOnlyForDeploymentPostprocessing = 0;
		};
/* End PBXFrameworksBuildPhase section */

/* Begin PBXGroup section */
		097D530D26B2926E00CDFB3B = {
			isa = PBXGroup;
			children = (
				097D531826B2926E00CDFB3B /* Bookworm 2 */,
				097D531726B2926E00CDFB3B /* Products */,
			);
			sourceTree = "<group>";
		};
		097D531726B2926E00CDFB3B /* Products */ = {
			isa = PBXGroup;
			children = (
				097D531626B2926E00CDFB3B /* Bookworm 2.app */,
			);
			name = Products;
			sourceTree = "<group>";
		};
		097D531826B2926E00CDFB3B /* Bookworm 2 */ = {
			isa = PBXGroup;
			children = (
				097D531926B2926E00CDFB3B /* Bookworm_2App.swift */,
				097D532426B2927300CDFB3B /* Bookworm_2.xcdatamodeld */,
				097D531B26B2926E00CDFB3B /* ContentView.swift */,
				097D532E26B2A0AE00CDFB3B /* AddBookView.swift */,
				097D531D26B2927300CDFB3B /* Assets.xcassets */,
				097D532226B2927300CDFB3B /* Persistence.swift */,
				097D532726B2927300CDFB3B /* Info.plist */,
				097D531F26B2927300CDFB3B /* Preview Content */,
			);
			path = "Bookworm 2";
			sourceTree = "<group>";
		};
		097D531F26B2927300CDFB3B /* Preview Content */ = {
			isa = PBXGroup;
			children = (
				097D532026B2927300CDFB3B /* Preview Assets.xcassets */,
			);
			path = "Preview Content";
			sourceTree = "<group>";
		};
/* End PBXGroup section */

/* Begin PBXNativeTarget section */
		097D531526B2926E00CDFB3B /* Bookworm 2 */ = {
			isa = PBXNativeTarget;
			buildConfigurationList = 097D532A26B2927300CDFB3B /* Build configuration list for PBXNativeTarget "Bookworm 2" */;
			buildPhases = (
				097D531226B2926E00CDFB3B /* Sources */,
				097D531326B2926E00CDFB3B /* Frameworks */,
				097D531426B2926E00CDFB3B /* Resources */,
			);
			buildRules = (
			);
			dependencies = (
			);
			name = "Bookworm 2";
			productName = "Bookworm 2";
			productReference = 097D531626B2926E00CDFB3B /* Bookworm 2.app */;
			productType = "com.apple.product-type.application";
		};
/* End PBXNativeTarget section */

/* Begin PBXProject section */
		097D530E26B2926E00CDFB3B /* Project object */ = {
			isa = PBXProject;
			attributes = {
				LastSwiftUpdateCheck = 1240;
				LastUpgradeCheck = 1240;
				TargetAttributes = {
					097D531526B2926E00CDFB3B = {
						CreatedOnToolsVersion = 12.4;
					};
				};
			};
			buildConfigurationList = 097D531126B2926E00CDFB3B /* Build configuration list for PBXProject "Bookworm 2" */;
			compatibilityVersion = "Xcode 9.3";
			developmentRegion = en;
			hasScannedForEncodings = 0;
			knownRegions = (
				en,
				Base,
			);
			mainGroup = 097D530D26B2926E00CDFB3B;
			productRefGroup = 097D531726B2926E00CDFB3B /* Products */;
			projectDirPath = "";
			projectRoot = "";
			targets = (
				097D531526B2926E00CDFB3B /* Bookworm 2 */,
			);
		};
/* End PBXProject section */

/* Begin PBXResourcesBuildPhase section */
		097D531426B2926E00CDFB3B /* Resources */ = {
			isa = PBXResourcesBuildPhase;
			buildActionMask = 2147483647;
			files = (
				097D532126B2927300CDFB3B /* Preview Assets.xcassets in Resources */,
				097D531E26B2927300CDFB3B /* Assets.xcassets in Resources */,
			);
			runOnlyForDeploymentPostprocessing = 0;
		};
/* End PBXResourcesBuildPhase section */

/* Begin PBXSourcesBuildPhase section */
		097D531226B2926E00CDFB3B /* Sources */ = {
			isa = PBXSourcesBuildPhase;
			buildActionMask = 2147483647;
			files = (
				097D532626B2927300CDFB3B /* Bookworm_2.xcdatamodeld in Sources */,
				097D532326B2927300CDFB3B /* Persistence.swift in Sources */,
				097D531C26B2926E00CDFB3B /* ContentView.swift in Sources */,
				097D531A26B2926E00CDFB3B /* Bookworm_2App.swift in Sources */,
				097D532F26B2A0AE00CDFB3B /* AddBookView.swift in Sources */,
			);
			runOnlyForDeploymentPostprocessing = 0;
		};
/* End PBXSourcesBuildPhase section */

/* Begin XCBuildConfiguration section */
		097D532826B2927300CDFB3B /* Debug */ = {
			isa = XCBuildConfiguration;
			buildSettings = {
				ALWAYS_SEARCH_USER_PATHS = NO;
				CLANG_ANALYZER_NONNULL = YES;
				CLANG_ANALYZER_NUMBER_OBJECT_CONVERSION = YES_AGGRESSIVE;
				CLANG_CXX_LANGUAGE_STANDARD = "gnu++14";
				CLANG_CXX_LIBRARY = "libc++";
				CLANG_ENABLE_MODULES = YES;
				CLANG_ENABLE_OBJC_ARC = YES;
				CLANG_ENABLE_OBJC_WEAK = YES;
				CLANG_WARN_BLOCK_CAPTURE_AUTORELEASING = YES;
				CLANG_WARN_BOOL_CONVERSION = YES;
				CLANG_WARN_COMMA = YES;
				CLANG_WARN_CONSTANT_CONVERSION = YES;
				CLANG_WARN_DEPRECATED_OBJC_IMPLEMENTATIONS = YES;
				CLANG_WARN_DIRECT_OBJC_ISA_USAGE = YES_ERROR;
				CLANG_WARN_DOCUMENTATION_COMMENTS = YES;
				CLANG_WARN_EMPTY_BODY = YES;
				CLANG_WARN_ENUM_CONVERSION = YES;
				CLANG_WARN_INFINITE_RECURSION = YES;
				CLANG_WARN_INT_CONVERSION = YES;
				CLANG_WARN_NON_LITERAL_NULL_CONVERSION = YES;
				CLANG_WARN_OBJC_IMPLICIT_RETAIN_SELF = YES;
				CLANG_WARN_OBJC_LITERAL_CONVERSION = YES;
				CLANG_WARN_OBJC_ROOT_CLASS = YES_ERROR;
				CLANG_WARN_QUOTED_INCLUDE_IN_FRAMEWORK_HEADER = YES;
				CLANG_WARN_RANGE_LOOP_ANALYSIS = YES;
				CLANG_WARN_STRICT_PROTOTYPES = YES;
				CLANG_WARN_SUSPICIOUS_MOVE = YES;
				CLANG_WARN_UNGUARDED_AVAILABILITY = YES_AGGRESSIVE;
				CLANG_WARN_UNREACHABLE_CODE = YES;
				CLANG_WARN__DUPLICATE_METHOD_MATCH = YES;
				COPY_PHASE_STRIP = NO;
				DEBUG_INFORMATION_FORMAT = dwarf;
				ENABLE_STRICT_OBJC_MSGSEND = YES;
				ENABLE_TESTABILITY = YES;
				GCC_C_LANGUAGE_STANDARD = gnu11;
				GCC_DYNAMIC_NO_PIC = NO;
				GCC_NO_COMMON_BLOCKS = YES;
				GCC_OPTIMIZATION_LEVEL = 0;
				GCC_PREPROCESSOR_DEFINITIONS = (
					"DEBUG=1",
					"$(inherited)",
				);
				GCC_WARN_64_TO_32_BIT_CONVERSION = YES;
				GCC_WARN_ABOUT_RETURN_TYPE = YES_ERROR;
				GCC_WARN_UNDECLARED_SELECTOR = YES;
				GCC_WARN_UNINITIALIZED_AUTOS = YES_AGGRESSIVE;
				GCC_WARN_UNUSED_FUNCTION = YES;
				GCC_WARN_UNUSED_VARIABLE = YES;
				IPHONEOS_DEPLOYMENT_TARGET = 14.4;
				MTL_ENABLE_DEBUG_INFO = INCLUDE_SOURCE;
				MTL_FAST_MATH = YES;
				ONLY_ACTIVE_ARCH = YES;
				SDKROOT = iphoneos;
				SWIFT_ACTIVE_COMPILATION_CONDITIONS = DEBUG;
				SWIFT_OPTIMIZATION_LEVEL = "-Onone";
			};
			name = Debug;
		};
		097D532926B2927300CDFB3B /* Release */ = {
			isa = XCBuildConfiguration;
			buildSettings = {
				ALWAYS_SEARCH_USER_PATHS = NO;
				CLANG_ANALYZER_NONNULL = YES;
				CLANG_ANALYZER_NUMBER_OBJECT_CONVERSION = YES_AGGRESSIVE;
				CLANG_CXX_LANGUAGE_STANDARD = "gnu++14";
				CLANG_CXX_LIBRARY = "libc++";
				CLANG_ENABLE_MODULES = YES;
				CLANG_ENABLE_OBJC_ARC = YES;
				CLANG_ENABLE_OBJC_WEAK = YES;
				CLANG_WARN_BLOCK_CAPTURE_AUTORELEASING = YES;
				CLANG_WARN_BOOL_CONVERSION = YES;
				CLANG_WARN_COMMA = YES;
				CLANG_WARN_CONSTANT_CONVERSION = YES;
				CLANG_WARN_DEPRECATED_OBJC_IMPLEMENTATIONS = YES;
				CLANG_WARN_DIRECT_OBJC_ISA_USAGE = YES_ERROR;
				CLANG_WARN_DOCUMENTATION_COMMENTS = YES;
				CLANG_WARN_EMPTY_BODY = YES;
				CLANG_WARN_ENUM_CONVERSION = YES;
				CLANG_WARN_INFINITE_RECURSION = YES;
				CLANG_WARN_INT_CONVERSION = YES;
				CLANG_WARN_NON_LITERAL_NULL_CONVERSION = YES;
				CLANG_WARN_OBJC_IMPLICIT_RETAIN_SELF = YES;
				CLANG_WARN_OBJC_LITERAL_CONVERSION = YES;
				CLANG_WARN_OBJC_ROOT_CLASS = YES_ERROR;
				CLANG_WARN_QUOTED_INCLUDE_IN_FRAMEWORK_HEADER = YES;
				CLANG_WARN_RANGE_LOOP_ANALYSIS = YES;
				CLANG_WARN_STRICT_PROTOTYPES = YES;
				CLANG_WARN_SUSPICIOUS_MOVE = YES;
				CLANG_WARN_UNGUARDED_AVAILABILITY = YES_AGGRESSIVE;
				CLANG_WARN_UNREACHABLE_CODE = YES;
				CLANG_WARN__DUPLICATE_METHOD_MATCH = YES;
				COPY_PHASE_STRIP = NO;
				DEBUG_INFORMATION_FORMAT = "dwarf-with-dsym";
				ENABLE_NS_ASSERTIONS = NO;
				ENABLE_STRICT_OBJC_MSGSEND = YES;
				GCC_C_LANGUAGE_STANDARD = gnu11;
				GCC_NO_COMMON_BLOCKS = YES;
				GCC_WARN_64_TO_32_BIT_CONVERSION = YES;
				GCC_WARN_ABOUT_RETURN_TYPE = YES_ERROR;
				GCC_WARN_UNDECLARED_SELECTOR = YES;
				GCC_WARN_UNINITIALIZED_AUTOS = YES_AGGRESSIVE;
				GCC_WARN_UNUSED_FUNCTION = YES;
				GCC_WARN_UNUSED_VARIABLE = YES;
				IPHONEOS_DEPLOYMENT_TARGET = 14.4;
				MTL_ENABLE_DEBUG_INFO = NO;
				MTL_FAST_MATH = YES;
				SDKROOT = iphoneos;
				SWIFT_COMPILATION_MODE = wholemodule;
				SWIFT_OPTIMIZATION_LEVEL = "-O";
				VALIDATE_PRODUCT = YES;
			};
			name = Release;
		};
		097D532B26B2927300CDFB3B /* Debug */ = {
			isa = XCBuildConfiguration;
			buildSettings = {
				ASSETCATALOG_COMPILER_APPICON_NAME = AppIcon;
				ASSETCATALOG_COMPILER_GLOBAL_ACCENT_COLOR_NAME = AccentColor;
				CODE_SIGN_STYLE = Automatic;
				DEVELOPMENT_ASSET_PATHS = "\"Bookworm 2/Preview Content\"";
				DEVELOPMENT_TEAM = PKTBX2CYQK;
				ENABLE_PREVIEWS = YES;
				INFOPLIST_FILE = "Bookworm 2/Info.plist";
				IPHONEOS_DEPLOYMENT_TARGET = 14.0;
				LD_RUNPATH_SEARCH_PATHS = (
					"$(inherited)",
					"@executable_path/Frameworks",
				);
				PRODUCT_BUNDLE_IDENTIFIER = "com.nicefiction.Bookworm-2";
				PRODUCT_NAME = "$(TARGET_NAME)";
				SWIFT_VERSION = 5.0;
				TARGETED_DEVICE_FAMILY = "1,2";
			};
			name = Debug;
		};
		097D532C26B2927300CDFB3B /* Release */ = {
			isa = XCBuildConfiguration;
			buildSettings = {
				ASSETCATALOG_COMPILER_APPICON_NAME = AppIcon;
				ASSETCATALOG_COMPILER_GLOBAL_ACCENT_COLOR_NAME = AccentColor;
				CODE_SIGN_STYLE = Automatic;
				DEVELOPMENT_ASSET_PATHS = "\"Bookworm 2/Preview Content\"";
				DEVELOPMENT_TEAM = PKTBX2CYQK;
				ENABLE_PREVIEWS = YES;
				INFOPLIST_FILE = "Bookworm 2/Info.plist";
				IPHONEOS_DEPLOYMENT_TARGET = 14.0;
				LD_RUNPATH_SEARCH_PATHS = (
					"$(inherited)",
					"@executable_path/Frameworks",
				);
				PRODUCT_BUNDLE_IDENTIFIER = "com.nicefiction.Bookworm-2";
				PRODUCT_NAME = "$(TARGET_NAME)";
				SWIFT_VERSION = 5.0;
				TARGETED_DEVICE_FAMILY = "1,2";
			};
			name = Release;
		};
/* End XCBuildConfiguration section */

/* Begin XCConfigurationList section */
		097D531126B2926E00CDFB3B /* Build configuration list for PBXProject "Bookworm 2" */ = {
			isa = XCConfigurationList;
			buildConfigurations = (
				097D532826B2927300CDFB3B /* Debug */,
				097D532926B2927300CDFB3B /* Release */,
			);
			defaultConfigurationIsVisible = 0;
			defaultConfigurationName = Release;
		};
		097D532A26B2927300CDFB3B /* Build configuration list for PBXNativeTarget "Bookworm 2" */ = {
			isa = XCConfigurationList;
			buildConfigurations = (
				097D532B26B2927300CDFB3B /* Debug */,
				097D532C26B2927300CDFB3B /* Release */,
			);
			defaultConfigurationIsVisible = 0;
			defaultConfigurationName = Release;
		};
/* End XCConfigurationList section */

/* Begin XCVersionGroup section */
		097D532426B2927300CDFB3B /* Bookworm_2.xcdatamodeld */ = {
			isa = XCVersionGroup;
			children = (
				097D532526B2927300CDFB3B /* Bookworm_2.xcdatamodel */,
			);
			currentVersion = 097D532526B2927300CDFB3B /* Bookworm_2.xcdatamodel */;
			path = Bookworm_2.xcdatamodeld;
			sourceTree = "<group>";
			versionGroupType = wrapper.xcdatamodel;
		};
/* End XCVersionGroup section */
	};
	rootObject = 097D530E26B2926E00CDFB3B /* Project object */;
}
